
Microsoft Visual Studio Solution File, Format Version 12.00
# Visual Studio 15
VisualStudioVersion = 15.0.27130.2027
MinimumVisualStudioVersion = 10.0.40219.1
Project("{2150E333-8FDC-42A3-9474-1A3956D46DE8}") = "src", "src", "{7366100D-DA6B-43B8-B621-7C485050F01C}"
EndProject
Project("{2150E333-8FDC-42A3-9474-1A3956D46DE8}") = "tests", "tests", "{5266D39D-6D2F-4A61-B77B-69CF50D9E8AB}"
EndProject
Project("{2150E333-8FDC-42A3-9474-1A3956D46DE8}") = "Solution Items", "Solution Items", "{3A7B8DF4-E155-4854-BD99-E009F425B837}"
	ProjectSection(SolutionItems) = preProject
		appveyor.yml = appveyor.yml
		Build.ps1 = Build.ps1
		NuGet.config = NuGet.config
		README.md = README.md
	EndProjectSection
EndProject
Project("{2150E333-8FDC-42A3-9474-1A3956D46DE8}") = "aspnet", "aspnet", "{9EE829D8-64E7-46D8-A1FA-F52BB2CF8C8A}"
EndProject
Project("{9A19103F-16F7-4668-BE54-9A1E7A4F7556}") = "MotiNet.AspNetCore.Mvc", "src\MotiNet.AspNetCore.Mvc\MotiNet.AspNetCore.Mvc.csproj", "{66185DD5-F593-4FCB-B095-F6F7FF0EA7AE}"
EndProject
Project("{9A19103F-16F7-4668-BE54-9A1E7A4F7556}") = "MotiNet.AspNetCore.Mvc.SharedStrings", "src\MotiNet.AspNetCore.Mvc.SharedStrings\MotiNet.AspNetCore.Mvc.SharedStrings.csproj", "{620060E5-FC4D-4A61-8E0D-3CA919727C11}"
EndProject
Project("{9A19103F-16F7-4668-BE54-9A1E7A4F7556}") = "MotiNet.AspNetCore.Mvc.DataAnnotations", "src\aspnet\MotiNet.AspNetCore.Mvc.DataAnnotations\MotiNet.AspNetCore.Mvc.DataAnnotations.csproj", "{85CC190B-B91B-44CA-A1EC-443D28D33AB7}"
EndProject
Project("{2150E333-8FDC-42A3-9474-1A3956D46DE8}") = "samples", "samples", "{A1ACBF46-0789-4296-8B22-50C1E20ABBE3}"
EndProject
Project("{9A19103F-16F7-4668-BE54-9A1E7A4F7556}") = "UntouchedRazorPages", "samples\UntouchedRazorPages\UntouchedRazorPages.csproj", "{D259573C-AA69-4346-BD41-72E94367846C}"
EndProject
Project("{9A19103F-16F7-4668-BE54-9A1E7A4F7556}") = "RazorPagesSample", "samples\RazorPagesSample\RazorPagesSample.csproj", "{951263F1-B505-4745-8725-25645F91C47F}"
EndProject
Project("{9A19103F-16F7-4668-BE54-9A1E7A4F7556}") = "MotiNet.AspNetCore.Mvc.RazorPagesUI", "src\MotiNet.AspNetCore.Mvc.RazorPagesUI\MotiNet.AspNetCore.Mvc.RazorPagesUI.csproj", "{48F9B3B8-7AAD-4CDB-8F19-06FA17A4B793}"
EndProject
Project("{FAE04EC0-301F-11D3-BF4B-00C04F79EFBC}") = "TestUI", "src\TestUI\TestUI.csproj", "{227379F2-3FE8-4EE7-86D7-C91CA51D33EB}"
EndProject
Global
	GlobalSection(SolutionConfigurationPlatforms) = preSolution
		Debug|Any CPU = Debug|Any CPU
		Release|Any CPU = Release|Any CPU
	EndGlobalSection
	GlobalSection(ProjectConfigurationPlatforms) = postSolution
		{66185DD5-F593-4FCB-B095-F6F7FF0EA7AE}.Debug|Any CPU.ActiveCfg = Debug|Any CPU
		{66185DD5-F593-4FCB-B095-F6F7FF0EA7AE}.Debug|Any CPU.Build.0 = Debug|Any CPU
		{66185DD5-F593-4FCB-B095-F6F7FF0EA7AE}.Release|Any CPU.ActiveCfg = Release|Any CPU
		{66185DD5-F593-4FCB-B095-F6F7FF0EA7AE}.Release|Any CPU.Build.0 = Release|Any CPU
		{620060E5-FC4D-4A61-8E0D-3CA919727C11}.Debug|Any CPU.ActiveCfg = Debug|Any CPU
		{620060E5-FC4D-4A61-8E0D-3CA919727C11}.Debug|Any CPU.Build.0 = Debug|Any CPU
		{620060E5-FC4D-4A61-8E0D-3CA919727C11}.Release|Any CPU.ActiveCfg = Release|Any CPU
		{620060E5-FC4D-4A61-8E0D-3CA919727C11}.Release|Any CPU.Build.0 = Release|Any CPU
		{85CC190B-B91B-44CA-A1EC-443D28D33AB7}.Debug|Any CPU.ActiveCfg = Debug|Any CPU
		{85CC190B-B91B-44CA-A1EC-443D28D33AB7}.Debug|Any CPU.Build.0 = Debug|Any CPU
		{85CC190B-B91B-44CA-A1EC-443D28D33AB7}.Release|Any CPU.ActiveCfg = Release|Any CPU
		{85CC190B-B91B-44CA-A1EC-443D28D33AB7}.Release|Any CPU.Build.0 = Release|Any CPU
		{D259573C-AA69-4346-BD41-72E94367846C}.Debug|Any CPU.ActiveCfg = Debug|Any CPU
		{D259573C-AA69-4346-BD41-72E94367846C}.Debug|Any CPU.Build.0 = Debug|Any CPU
		{D259573C-AA69-4346-BD41-72E94367846C}.Release|Any CPU.ActiveCfg = Release|Any CPU
		{D259573C-AA69-4346-BD41-72E94367846C}.Release|Any CPU.Build.0 = Release|Any CPU
		{951263F1-B505-4745-8725-25645F91C47F}.Debug|Any CPU.ActiveCfg = Debug|Any CPU
		{951263F1-B505-4745-8725-25645F91C47F}.Debug|Any CPU.Build.0 = Debug|Any CPU
		{951263F1-B505-4745-8725-25645F91C47F}.Release|Any CPU.ActiveCfg = Release|Any CPU
		{951263F1-B505-4745-8725-25645F91C47F}.Release|Any CPU.Build.0 = Release|Any CPU
		{48F9B3B8-7AAD-4CDB-8F19-06FA17A4B793}.Debug|Any CPU.ActiveCfg = Debug|Any CPU
		{48F9B3B8-7AAD-4CDB-8F19-06FA17A4B793}.Debug|Any CPU.Build.0 = Debug|Any CPU
		{48F9B3B8-7AAD-4CDB-8F19-06FA17A4B793}.Release|Any CPU.ActiveCfg = Release|Any CPU
		{48F9B3B8-7AAD-4CDB-8F19-06FA17A4B793}.Release|Any CPU.Build.0 = Release|Any CPU
		{227379F2-3FE8-4EE7-86D7-C91CA51D33EB}.Debug|Any CPU.ActiveCfg = Debug|Any CPU
		{227379F2-3FE8-4EE7-86D7-C91CA51D33EB}.Debug|Any CPU.Build.0 = Debug|Any CPU
		{227379F2-3FE8-4EE7-86D7-C91CA51D33EB}.Release|Any CPU.ActiveCfg = Release|Any CPU
		{227379F2-3FE8-4EE7-86D7-C91CA51D33EB}.Release|Any CPU.Build.0 = Release|Any CPU
	EndGlobalSection
	GlobalSection(SolutionProperties) = preSolution
		HideSolutionNode = FALSE
	EndGlobalSection
	GlobalSection(NestedProjects) = preSolution
		{9EE829D8-64E7-46D8-A1FA-F52BB2CF8C8A} = {7366100D-DA6B-43B8-B621-7C485050F01C}
		{66185DD5-F593-4FCB-B095-F6F7FF0EA7AE} = {7366100D-DA6B-43B8-B621-7C485050F01C}
		{620060E5-FC4D-4A61-8E0D-3CA919727C11} = {7366100D-DA6B-43B8-B621-7C485050F01C}
		{85CC190B-B91B-44CA-A1EC-443D28D33AB7} = {9EE829D8-64E7-46D8-A1FA-F52BB2CF8C8A}
		{D259573C-AA69-4346-BD41-72E94367846C} = {A1ACBF46-0789-4296-8B22-50C1E20ABBE3}
		{951263F1-B505-4745-8725-25645F91C47F} = {A1ACBF46-0789-4296-8B22-50C1E20ABBE3}
		{48F9B3B8-7AAD-4CDB-8F19-06FA17A4B793} = {7366100D-DA6B-43B8-B621-7C485050F01C}
	EndGlobalSection
	GlobalSection(ExtensibilityGlobals) = postSolution
		SolutionGuid = {E71E09B8-8176-4225-A373-EED3C7CE75FE}
	EndGlobalSection
EndGlobal
